
Microsoft Visual Studio Solution File, Format Version 12.00
# Visual Studio Version 17
VisualStudioVersion = 17.14.36203.30
MinimumVisualStudioVersion = 10.0.40219.1
Project("{8BC9CEB8-8B4A-11D0-8D11-00A0C91BC942}") = "Cours01_Introduction", "Cours01_Introduction\Cours01_Introduction.vcxproj", "{05F742A3-2BF4-4FAF-BCB0-B6C0B3BE9546}"
EndProject
Project("{8BC9CEB8-8B4A-11D0-8D11-00A0C91BC942}") = "Cours02_Git", "Cours02_Git\Cours02_Git.vcxproj", "{EF326D0D-6B44-4FC4-A598-6E4679DF0E36}"
EndProject
Project("{8BC9CEB8-8B4A-11D0-8D11-00A0C91BC942}") = "Cours03_Variables", "Cours03_Variables\Cours03_Variables.vcxproj", "{A1D9C436-3905-495C-B928-53C6EEB0BE79}"
EndProject
Project("{8BC9CEB8-8B4A-11D0-8D11-00A0C91BC942}") = "cours04_EntreesSorties", "cours04_EntreesSorties\cours04_EntreesSorties.vcxproj", "{BBB050B5-2AF2-443A-BE27-CDB699062BA4}"
EndProject
Project("{8BC9CEB8-8B4A-11D0-8D11-00A0C91BC942}") = "Cours05_If.cpp", "Cours05_If.cpp\Cours05_If.cpp.vcxproj", "{B74FFB9B-95F3-491F-813B-D49B9FC2DD90}"
EndProject
Project("{8BC9CEB8-8B4A-11D0-8D11-00A0C91BC942}") = "Cours05_Devoir", "Cours05_Devoir\Cours05_Devoir.vcxproj", "{0BB269C3-101E-4888-9688-90CA78335D8C}"
EndProject
Project("{8BC9CEB8-8B4A-11D0-8D11-00A0C91BC942}") = "Cours06_Conditions", "Cours06_Conditions\Cours06_Conditions.vcxproj", "{95D60CC2-7F5C-4499-84AF-903E512D457B}"
EndProject
Project("{8BC9CEB8-8B4A-11D0-8D11-00A0C91BC942}") = "Cours06_Devoir", "Cours06_Devoir\Cours06_Devoir.vcxproj", "{63AF1AD1-8A9C-46DF-988F-066D6C851952}"
EndProject
Project("{8BC9CEB8-8B4A-11D0-8D11-00A0C91BC942}") = "Cours07_Switch", "Cours07_Switch\Cours07_Switch.vcxproj", "{32A4E32F-1B9D-41B9-89F8-F2F6037D0490}"
EndProject
Project("{8BC9CEB8-8B4A-11D0-8D11-00A0C91BC942}") = "Cours08_Enum", "Cours08_Enum\Cours08_Enum.vcxproj", "{6BDB4BE9-1ED8-4481-912F-E36491FF2149}"
EndProject
Global
	GlobalSection(SolutionConfigurationPlatforms) = preSolution
		Debug|x64 = Debug|x64
		Debug|x86 = Debug|x86
		Release|x64 = Release|x64
		Release|x86 = Release|x86
	EndGlobalSection
	GlobalSection(ProjectConfigurationPlatforms) = postSolution
		{05F742A3-2BF4-4FAF-BCB0-B6C0B3BE9546}.Debug|x64.ActiveCfg = Debug|x64
		{05F742A3-2BF4-4FAF-BCB0-B6C0B3BE9546}.Debug|x64.Build.0 = Debug|x64
		{05F742A3-2BF4-4FAF-BCB0-B6C0B3BE9546}.Debug|x86.ActiveCfg = Debug|Win32
		{05F742A3-2BF4-4FAF-BCB0-B6C0B3BE9546}.Debug|x86.Build.0 = Debug|Win32
		{05F742A3-2BF4-4FAF-BCB0-B6C0B3BE9546}.Release|x64.ActiveCfg = Release|x64
		{05F742A3-2BF4-4FAF-BCB0-B6C0B3BE9546}.Release|x64.Build.0 = Release|x64
		{05F742A3-2BF4-4FAF-BCB0-B6C0B3BE9546}.Release|x86.ActiveCfg = Release|Win32
		{05F742A3-2BF4-4FAF-BCB0-B6C0B3BE9546}.Release|x86.Build.0 = Release|Win32
		{EF326D0D-6B44-4FC4-A598-6E4679DF0E36}.Debug|x64.ActiveCfg = Debug|x64
		{EF326D0D-6B44-4FC4-A598-6E4679DF0E36}.Debug|x64.Build.0 = Debug|x64
		{EF326D0D-6B44-4FC4-A598-6E4679DF0E36}.Debug|x86.ActiveCfg = Debug|Win32
		{EF326D0D-6B44-4FC4-A598-6E4679DF0E36}.Debug|x86.Build.0 = Debug|Win32
		{EF326D0D-6B44-4FC4-A598-6E4679DF0E36}.Release|x64.ActiveCfg = Release|x64
		{EF326D0D-6B44-4FC4-A598-6E4679DF0E36}.Release|x64.Build.0 = Release|x64
		{EF326D0D-6B44-4FC4-A598-6E4679DF0E36}.Release|x86.ActiveCfg = Release|Win32
		{EF326D0D-6B44-4FC4-A598-6E4679DF0E36}.Release|x86.Build.0 = Release|Win32
		{A1D9C436-3905-495C-B928-53C6EEB0BE79}.Debug|x64.ActiveCfg = Debug|x64
		{A1D9C436-3905-495C-B928-53C6EEB0BE79}.Debug|x64.Build.0 = Debug|x64
		{A1D9C436-3905-495C-B928-53C6EEB0BE79}.Debug|x86.ActiveCfg = Debug|Win32
		{A1D9C436-3905-495C-B928-53C6EEB0BE79}.Debug|x86.Build.0 = Debug|Win32
		{A1D9C436-3905-495C-B928-53C6EEB0BE79}.Release|x64.ActiveCfg = Release|x64
		{A1D9C436-3905-495C-B928-53C6EEB0BE79}.Release|x64.Build.0 = Release|x64
		{A1D9C436-3905-495C-B928-53C6EEB0BE79}.Release|x86.ActiveCfg = Release|Win32
		{A1D9C436-3905-495C-B928-53C6EEB0BE79}.Release|x86.Build.0 = Release|Win32
		{BBB050B5-2AF2-443A-BE27-CDB699062BA4}.Debug|x64.ActiveCfg = Debug|x64
		{BBB050B5-2AF2-443A-BE27-CDB699062BA4}.Debug|x64.Build.0 = Debug|x64
		{BBB050B5-2AF2-443A-BE27-CDB699062BA4}.Debug|x86.ActiveCfg = Debug|Win32
		{BBB050B5-2AF2-443A-BE27-CDB699062BA4}.Debug|x86.Build.0 = Debug|Win32
		{BBB050B5-2AF2-443A-BE27-CDB699062BA4}.Release|x64.ActiveCfg = Release|x64
		{BBB050B5-2AF2-443A-BE27-CDB699062BA4}.Release|x64.Build.0 = Release|x64
		{BBB050B5-2AF2-443A-BE27-CDB699062BA4}.Release|x86.ActiveCfg = Release|Win32
		{BBB050B5-2AF2-443A-BE27-CDB699062BA4}.Release|x86.Build.0 = Release|Win32
		{B74FFB9B-95F3-491F-813B-D49B9FC2DD90}.Debug|x64.ActiveCfg = Debug|x64
		{B74FFB9B-95F3-491F-813B-D49B9FC2DD90}.Debug|x64.Build.0 = Debug|x64
		{B74FFB9B-95F3-491F-813B-D49B9FC2DD90}.Debug|x86.ActiveCfg = Debug|Win32
		{B74FFB9B-95F3-491F-813B-D49B9FC2DD90}.Debug|x86.Build.0 = Debug|Win32
		{B74FFB9B-95F3-491F-813B-D49B9FC2DD90}.Release|x64.ActiveCfg = Release|x64
		{B74FFB9B-95F3-491F-813B-D49B9FC2DD90}.Release|x64.Build.0 = Release|x64
		{B74FFB9B-95F3-491F-813B-D49B9FC2DD90}.Release|x86.ActiveCfg = Release|Win32
		{B74FFB9B-95F3-491F-813B-D49B9FC2DD90}.Release|x86.Build.0 = Release|Win32
		{0BB269C3-101E-4888-9688-90CA78335D8C}.Debug|x64.ActiveCfg = Debug|x64
		{0BB269C3-101E-4888-9688-90CA78335D8C}.Debug|x64.Build.0 = Debug|x64
		{0BB269C3-101E-4888-9688-90CA78335D8C}.Debug|x86.ActiveCfg = Debug|Win32
		{0BB269C3-101E-4888-9688-90CA78335D8C}.Debug|x86.Build.0 = Debug|Win32
		{0BB269C3-101E-4888-9688-90CA78335D8C}.Release|x64.ActiveCfg = Release|x64
		{0BB269C3-101E-4888-9688-90CA78335D8C}.Release|x64.Build.0 = Release|x64
		{0BB269C3-101E-4888-9688-90CA78335D8C}.Release|x86.ActiveCfg = Release|Win32
		{0BB269C3-101E-4888-9688-90CA78335D8C}.Release|x86.Build.0 = Release|Win32
		{95D60CC2-7F5C-4499-84AF-903E512D457B}.Debug|x64.ActiveCfg = Debug|x64
		{95D60CC2-7F5C-4499-84AF-903E512D457B}.Debug|x64.Build.0 = Debug|x64
		{95D60CC2-7F5C-4499-84AF-903E512D457B}.Debug|x86.ActiveCfg = Debug|Win32
		{95D60CC2-7F5C-4499-84AF-903E512D457B}.Debug|x86.Build.0 = Debug|Win32
		{95D60CC2-7F5C-4499-84AF-903E512D457B}.Release|x64.ActiveCfg = Release|x64
		{95D60CC2-7F5C-4499-84AF-903E512D457B}.Release|x64.Build.0 = Release|x64
		{95D60CC2-7F5C-4499-84AF-903E512D457B}.Release|x86.ActiveCfg = Release|Win32
		{95D60CC2-7F5C-4499-84AF-903E512D457B}.Release|x86.Build.0 = Release|Win32
		{63AF1AD1-8A9C-46DF-988F-066D6C851952}.Debug|x64.ActiveCfg = Debug|x64
		{63AF1AD1-8A9C-46DF-988F-066D6C851952}.Debug|x64.Build.0 = Debug|x64
		{63AF1AD1-8A9C-46DF-988F-066D6C851952}.Debug|x86.ActiveCfg = Debug|Win32
		{63AF1AD1-8A9C-46DF-988F-066D6C851952}.Debug|x86.Build.0 = Debug|Win32
		{63AF1AD1-8A9C-46DF-988F-066D6C851952}.Release|x64.ActiveCfg = Release|x64
		{63AF1AD1-8A9C-46DF-988F-066D6C851952}.Release|x64.Build.0 = Release|x64
		{63AF1AD1-8A9C-46DF-988F-066D6C851952}.Release|x86.ActiveCfg = Release|Win32
		{63AF1AD1-8A9C-46DF-988F-066D6C851952}.Release|x86.Build.0 = Release|Win32
		{32A4E32F-1B9D-41B9-89F8-F2F6037D0490}.Debug|x64.ActiveCfg = Debug|x64
		{32A4E32F-1B9D-41B9-89F8-F2F6037D0490}.Debug|x64.Build.0 = Debug|x64
		{32A4E32F-1B9D-41B9-89F8-F2F6037D0490}.Debug|x86.ActiveCfg = Debug|Win32
		{32A4E32F-1B9D-41B9-89F8-F2F6037D0490}.Debug|x86.Build.0 = Debug|Win32
		{32A4E32F-1B9D-41B9-89F8-F2F6037D0490}.Release|x64.ActiveCfg = Release|x64
		{32A4E32F-1B9D-41B9-89F8-F2F6037D0490}.Release|x64.Build.0 = Release|x64
		{32A4E32F-1B9D-41B9-89F8-F2F6037D0490}.Release|x86.ActiveCfg = Release|Win32
		{32A4E32F-1B9D-41B9-89F8-F2F6037D0490}.Release|x86.Build.0 = Release|Win32
		{6BDB4BE9-1ED8-4481-912F-E36491FF2149}.Debug|x64.ActiveCfg = Debug|x64
		{6BDB4BE9-1ED8-4481-912F-E36491FF2149}.Debug|x64.Build.0 = Debug|x64
		{6BDB4BE9-1ED8-4481-912F-E36491FF2149}.Debug|x86.ActiveCfg = Debug|Win32
		{6BDB4BE9-1ED8-4481-912F-E36491FF2149}.Debug|x86.Build.0 = Debug|Win32
		{6BDB4BE9-1ED8-4481-912F-E36491FF2149}.Release|x64.ActiveCfg = Release|x64
		{6BDB4BE9-1ED8-4481-912F-E36491FF2149}.Release|x64.Build.0 = Release|x64
		{6BDB4BE9-1ED8-4481-912F-E36491FF2149}.Release|x86.ActiveCfg = Release|Win32
		{6BDB4BE9-1ED8-4481-912F-E36491FF2149}.Release|x86.Build.0 = Release|Win32
	EndGlobalSection
	GlobalSection(SolutionProperties) = preSolution
		HideSolutionNode = FALSE
	EndGlobalSection
	GlobalSection(ExtensibilityGlobals) = postSolution
		SolutionGuid = {CFCA727E-E769-4072-AF0C-4E1740D7DA73}
	EndGlobalSection
EndGlobal
